<?xml version="1.0" encoding="utf-8"?>
<Project ToolsVersion="4.0" xmlns="http://schemas.microsoft.com/developer/msbuild/2003">
  <ItemGroup>
    <Filter Include="src">
      <UniqueIdentifier>{11111111-1111-1111-1111-111111111111}</UniqueIdentifier>
    </Filter>
    <Filter Include="src\DataStructures">
      <UniqueIdentifier>{22222222-2222-2222-2222-222222222222}</UniqueIdentifier>
    </Filter>
    <Filter Include="src\Managers">
      <UniqueIdentifier>{33333333-3333-3333-3333-333333333333}</UniqueIdentifier>
    </Filter>
    <Filter Include="src\Scenes">
      <UniqueIdentifier>{44444444-4444-4444-4444-444444444444}</UniqueIdentifier>
    </Filter>
    <Filter Include="template">
      <UniqueIdentifier>{55555555-5555-5555-5555-555555555555}</UniqueIdentifier>
    </Filter>
    <Filter Include="src\Entities">
      <UniqueIdentifier>{22b5eaaa-5b2d-4cb9-b2ce-96dc9f78178c}</UniqueIdentifier>
    </Filter>
    <Filter Include="src\Components">
      <UniqueIdentifier>{701d5ceb-33f1-4312-91a7-2e219b35839a}</UniqueIdentifier>
    </Filter>
    <Filter Include="src\Utils">
      <UniqueIdentifier>{8ee8940a-2faa-4413-9233-aa83cfb48c94}</UniqueIdentifier>
    </Filter>
  </ItemGroup>
  <ItemGroup>
    <ClCompile Include="game.cpp" />
    <ClCompile Include="src\Managers\InputManager.cpp">
      <Filter>src\Managers</Filter>
    </ClCompile>
    <ClCompile Include="src\Managers\SceneManager.cpp">
      <Filter>src\Managers</Filter>
    </ClCompile>
    <ClCompile Include="template\opencl.cpp">
      <Filter>template</Filter>
    </ClCompile>
    <ClCompile Include="template\opengl.cpp">
      <Filter>template</Filter>
    </ClCompile>
    <ClCompile Include="template\scene.cpp">
      <Filter>template</Filter>
    </ClCompile>
    <ClCompile Include="template\sprite.cpp">
      <Filter>template</Filter>
    </ClCompile>
    <ClCompile Include="template\surface.cpp">
      <Filter>template</Filter>
    </ClCompile>
    <ClCompile Include="template\template.cpp">
      <Filter>template</Filter>
    </ClCompile>
    <ClCompile Include="template\tmpl8math.cpp">
      <Filter>template</Filter>
    </ClCompile>
    <ClCompile Include="src\Scenes\CustomScene.cpp">
      <Filter>src\Scenes</Filter>
    </ClCompile>
    <ClCompile Include="src\Scenes\GameScene.cpp">
      <Filter>src\Scenes</Filter>
    </ClCompile>
    <ClCompile Include="src\Managers\ResourceManager.cpp">
      <Filter>src\Managers</Filter>
    </ClCompile>
    <ClCompile Include="src\Entities\Entity.cpp">
      <Filter>src\Entities</Filter>
    </ClCompile>
    <ClCompile Include="src\Entities\Player.cpp">
      <Filter>src\Entities</Filter>
    </ClCompile>
    <ClCompile Include="src\Components\Animator.cpp">
      <Filter>src\Components</Filter>
    </ClCompile>
    <ClCompile Include="src\Components\Map.cpp">
      <Filter>src\Components</Filter>
    </ClCompile>
    <ClCompile Include="src\Components\MapLayer.cpp">
      <Filter>src\Components</Filter>
    </ClCompile>
    <ClCompile Include="src\Components\Renderer.cpp">
      <Filter>src\Components</Filter>
    </ClCompile>
    <ClCompile Include="src\Components\Camera.cpp">
      <Filter>src\Components</Filter>
    </ClCompile>
    <ClCompile Include="src\Utils\myMath.cpp">
      <Filter>src\Utils</Filter>
    </ClCompile>
  </ItemGroup>
  <ItemGroup>
    <ClInclude Include="game.h" />
    <ClInclude Include="src\Managers\InputManager.h">
      <Filter>src\Managers</Filter>
    </ClInclude>
    <ClInclude Include="src\Managers\SceneManager.h">
      <Filter>src\Managers</Filter>
    </ClInclude>
    <ClInclude Include="src\DataStructures\TypeScene.h">
      <Filter>src\DataStructures</Filter>
    </ClInclude>
    <ClInclude Include="template\common.h">
      <Filter>template</Filter>
    </ClInclude>
    <ClInclude Include="template\opencl.h">
      <Filter>template</Filter>
    </ClInclude>
    <ClInclude Include="template\opengl.h">
      <Filter>template</Filter>
    </ClInclude>
    <ClInclude Include="template\precomp.h">
      <Filter>template</Filter>
    </ClInclude>
    <ClInclude Include="template\scene.h">
      <Filter>template</Filter>
    </ClInclude>
    <ClInclude Include="template\sprite.h">
      <Filter>template</Filter>
    </ClInclude>
    <ClInclude Include="template\surface.h">
      <Filter>template</Filter>
    </ClInclude>
    <ClInclude Include="template\tmpl8math.h">
      <Filter>template</Filter>
    </ClInclude>
    <ClInclude Include="cl\tools.cl" />
    <ClInclude Include="src\Scenes\CustomScene.h">
      <Filter>src\Scenes</Filter>
    </ClInclude>
    <ClInclude Include="src\Scenes\GameScene.h">
      <Filter>src\Scenes</Filter>
    </ClInclude>
    <ClInclude Include="src\Managers\ResourceManager.h">
      <Filter>src\Managers</Filter>
    </ClInclude>
    <ClInclude Include="src\DataStructures\ResourceID.h">
      <Filter>src\DataStructures</Filter>
    </ClInclude>
    <ClInclude Include="src\Entities\Entity.h">
      <Filter>src\Entities</Filter>
    </ClInclude>
    <ClInclude Include="src\DataStructures\vec2.h">
      <Filter>src\DataStructures</Filter>
    </ClInclude>
    <ClInclude Include="src\Entities\Player.h">
      <Filter>src\Entities</Filter>
    </ClInclude>
    <ClInclude Include="src\DataStructures\AnimationLayer.h">
      <Filter>src\DataStructures</Filter>
    </ClInclude>
    <ClInclude Include="src\DataStructures\AnimationSet.h">
      <Filter>src\DataStructures</Filter>
    </ClInclude>
    <ClInclude Include="src\Components\Animator.h">
      <Filter>src\Components</Filter>
    </ClInclude>
    <ClInclude Include="src\DataStructures\PlayerAnimations.h">
      <Filter>src\DataStructures</Filter>
    </ClInclude>
    <ClInclude Include="src\Components\Map.h">
      <Filter>src\Components</Filter>
    </ClInclude>
    <ClInclude Include="src\DataStructures\MapLayerNames.h">
      <Filter>src\DataStructures</Filter>
    </ClInclude>
    <ClInclude Include="src\Components\MapLayer.h">
      <Filter>src\Components</Filter>
    </ClInclude>
    <ClInclude Include="src\DataStructures\PlayerAnimationSet.h">
      <Filter>src\DataStructures</Filter>
    </ClInclude>
    <ClInclude Include="src\DataStructures\RenderSet.h">
      <Filter>src\DataStructures</Filter>
    </ClInclude>
    <ClInclude Include="src\Components\Renderer.h">
      <Filter>src\Components</Filter>
    </ClInclude>
    <ClInclude Include="src\DataStructures\ResourceIDFrames.h">
      <Filter>src\DataStructures</Filter>
    </ClInclude>
    <ClInclude Include="src\DataStructures\MapRenderSet.h">
      <Filter>src\DataStructures</Filter>
    </ClInclude>
    <ClInclude Include="src\Components\Camera.h">
      <Filter>src\Components</Filter>
    </ClInclude>
    <ClInclude Include="src\Utils\myMath.h">
      <Filter>src\Utils</Filter>
    </ClInclude>
  </ItemGroup>
  <ItemGroup>
    <None Include="cl\kernels.cl" />
    <None Include="README.md" />
    <None Include="template\LICENSE">
      <Filter>template</Filter>
    </None>
  </ItemGroup>
</Project>